
Microsoft Visual Studio Solution File, Format Version 12.00
# Visual Studio 15
VisualStudioVersion = 15.0.28010.2046
MinimumVisualStudioVersion = 10.0.40219.1
Project("{FAE04EC0-301F-11D3-BF4B-00C04F79EFBC}") = "program1", "program1\program1.csproj", "{F3AE5B16-4779-4C49-867D-E2B707B2E336}"
EndProject
Project("{FAE04EC0-301F-11D3-BF4B-00C04F79EFBC}") = "program2", "program2\program2.csproj", "{6CF619C7-859A-41B4-976F-B3C40A670A34}"
EndProject
Project("{FAE04EC0-301F-11D3-BF4B-00C04F79EFBC}") = "program3", "program3\program3.csproj", "{BCB4AF88-C01D-43CD-80FA-616BF59D39CA}"
EndProject
Global
	GlobalSection(SolutionConfigurationPlatforms) = preSolution
		Debug|Any CPU = Debug|Any CPU
		Release|Any CPU = Release|Any CPU
	EndGlobalSection
	GlobalSection(ProjectConfigurationPlatforms) = postSolution
		{F3AE5B16-4779-4C49-867D-E2B707B2E336}.Debug|Any CPU.ActiveCfg = Debug|Any CPU
		{F3AE5B16-4779-4C49-867D-E2B707B2E336}.Debug|Any CPU.Build.0 = Debug|Any CPU
		{F3AE5B16-4779-4C49-867D-E2B707B2E336}.Release|Any CPU.ActiveCfg = Release|Any CPU
		{F3AE5B16-4779-4C49-867D-E2B707B2E336}.Release|Any CPU.Build.0 = Release|Any CPU
		{6CF619C7-859A-41B4-976F-B3C40A670A34}.Debug|Any CPU.ActiveCfg = Debug|Any CPU
		{6CF619C7-859A-41B4-976F-B3C40A670A34}.Debug|Any CPU.Build.0 = Debug|Any CPU
		{6CF619C7-859A-41B4-976F-B3C40A670A34}.Release|Any CPU.ActiveCfg = Release|Any CPU
		{6CF619C7-859A-41B4-976F-B3C40A670A34}.Release|Any CPU.Build.0 = Release|Any CPU
		{BCB4AF88-C01D-43CD-80FA-616BF59D39CA}.Debug|Any CPU.ActiveCfg = Debug|Any CPU
		{BCB4AF88-C01D-43CD-80FA-616BF59D39CA}.Debug|Any CPU.Build.0 = Debug|Any CPU
		{BCB4AF88-C01D-43CD-80FA-616BF59D39CA}.Release|Any CPU.ActiveCfg = Release|Any CPU
		{BCB4AF88-C01D-43CD-80FA-616BF59D39CA}.Release|Any CPU.Build.0 = Release|Any CPU
	EndGlobalSection
	GlobalSection(SolutionProperties) = preSolution
		HideSolutionNode = FALSE
	EndGlobalSection
	GlobalSection(ExtensibilityGlobals) = postSolution
		SolutionGuid = {E72098AD-52AF-4B09-B7E3-8B1658589264}
	EndGlobalSection
EndGlobal
