
Microsoft Visual Studio Solution File, Format Version 12.00
# Visual Studio 15
VisualStudioVersion = 15.0.28010.2019
MinimumVisualStudioVersion = 10.0.40219.1
Project("{FAE04EC0-301F-11D3-BF4B-00C04F79EFBC}") = "program1", "program1\program1.csproj", "{A0E29B9D-E82E-42DC-A66F-D44532D07632}"
EndProject
Project("{FAE04EC0-301F-11D3-BF4B-00C04F79EFBC}") = "program2", "program2\program2.csproj", "{5682142C-4CB9-446D-85EF-06075D5ED0CC}"
EndProject
Global
	GlobalSection(SolutionConfigurationPlatforms) = preSolution
		Debug|Any CPU = Debug|Any CPU
		Release|Any CPU = Release|Any CPU
	EndGlobalSection
	GlobalSection(ProjectConfigurationPlatforms) = postSolution
		{A0E29B9D-E82E-42DC-A66F-D44532D07632}.Debug|Any CPU.ActiveCfg = Debug|Any CPU
		{A0E29B9D-E82E-42DC-A66F-D44532D07632}.Debug|Any CPU.Build.0 = Debug|Any CPU
		{A0E29B9D-E82E-42DC-A66F-D44532D07632}.Release|Any CPU.ActiveCfg = Release|Any CPU
		{A0E29B9D-E82E-42DC-A66F-D44532D07632}.Release|Any CPU.Build.0 = Release|Any CPU
		{5682142C-4CB9-446D-85EF-06075D5ED0CC}.Debug|Any CPU.ActiveCfg = Debug|Any CPU
		{5682142C-4CB9-446D-85EF-06075D5ED0CC}.Debug|Any CPU.Build.0 = Debug|Any CPU
		{5682142C-4CB9-446D-85EF-06075D5ED0CC}.Release|Any CPU.ActiveCfg = Release|Any CPU
		{5682142C-4CB9-446D-85EF-06075D5ED0CC}.Release|Any CPU.Build.0 = Release|Any CPU
	EndGlobalSection
	GlobalSection(SolutionProperties) = preSolution
		HideSolutionNode = FALSE
	EndGlobalSection
	GlobalSection(ExtensibilityGlobals) = postSolution
		SolutionGuid = {ED7768A1-4232-4FAF-B250-19395BE9E7F1}
	EndGlobalSection
EndGlobal
